
Microsoft Visual Studio Solution File, Format Version 12.00
# Visual Studio 15
VisualStudioVersion = 15.0.28010.2048
MinimumVisualStudioVersion = 10.0.40219.1
Project("{FAE04EC0-301F-11D3-BF4B-00C04F79EFBC}") = "ConsoleApp1", "ConsoleApp1\ConsoleApp1.csproj", "{F7FFF464-6D47-4A93-8139-BBE19828E2BD}"
EndProject
Global
	GlobalSection(SolutionConfigurationPlatforms) = preSolution
		Debug|Any CPU = Debug|Any CPU
		Release|Any CPU = Release|Any CPU
	EndGlobalSection
	GlobalSection(ProjectConfigurationPlatforms) = postSolution
		{F7FFF464-6D47-4A93-8139-BBE19828E2BD}.Debug|Any CPU.ActiveCfg = Debug|Any CPU
		{F7FFF464-6D47-4A93-8139-BBE19828E2BD}.Debug|Any CPU.Build.0 = Debug|Any CPU
		{F7FFF464-6D47-4A93-8139-BBE19828E2BD}.Release|Any CPU.ActiveCfg = Release|Any CPU
		{F7FFF464-6D47-4A93-8139-BBE19828E2BD}.Release|Any CPU.Build.0 = Release|Any CPU
	EndGlobalSection
	GlobalSection(SolutionProperties) = preSolution
		HideSolutionNode = FALSE
	EndGlobalSection
	GlobalSection(ExtensibilityGlobals) = postSolution
		SolutionGuid = {E555B806-05B8-4816-9B54-9DD72DA39150}
	EndGlobalSection
EndGlobal
